{
  "name": "jetlog",
  "version": "0.9.0",
  "lockfileVersion": 1,
  "requires": true,
  "dependencies": {
    "papaparse": {
      "version": "4.5.0",
      "resolved": "https://registry.npmjs.org/papaparse/-/papaparse-4.5.0.tgz",
      "integrity": "sha1-+2JdOQtuXVRNsgZYzjZlACw9joA="
    },
    "rereadable-stream": {
      "version": "1.1.1",
      "resolved": "https://registry.npmjs.org/rereadable-stream/-/rereadable-stream-1.1.1.tgz",
      "integrity": "sha512-LXZCN0aEB2f/DuGwUvF7HWhLh53hx3vQMWbQzgB45SaDWjyPmcRAVG8Q2EDo4d/Y+cXSx8JOvlb4ZoPf8u8Gsg=="
    },
    "scramjet": {
      "version": "4.15.4",
      "resolved": "https://registry.npmjs.org/scramjet/-/scramjet-4.15.4.tgz",
      "integrity": "sha512-9d6LNVnu/yINq3hB74wSXY+nDEaLLkNhW9fQWPbeeMX3Dv30L0M0Bw1aZUyALRolo3Dc49Y7//y6QEORTVEgBg==",
      "requires": {
        "papaparse": "^4.5.0",
        "rereadable-stream": "^1.1.1",
        "scramjet-core": "^4.13.4"
      }
    },
    "scramjet-core": {
      "version": "4.13.4",
      "resolved": "https://registry.npmjs.org/scramjet-core/-/scramjet-core-4.13.4.tgz",
      "integrity": "sha512-eeiZ+0hZW00wkocZVqB5evGBYTk5JKlKCjM9vCVM7IatZPJ/YCQf1DPA3a4+BbyQoCkGsEIKC8jtI6nX7SG4ZQ=="
    }
  }
}
